
Microsoft Visual Studio Solution File, Format Version 12.00
# Visual Studio 14
VisualStudioVersion = 14.0.25420.1
MinimumVisualStudioVersion = 10.0.40219.1
Project("{FAE04EC0-301F-11D3-BF4B-00C04F79EFBC}") = "NPL_API", "NPL_API\NPL_API.csproj", "{75605986-DCF6-425F-9AB2-BF405BE3F031}"
EndProject
Project("{FAE04EC0-301F-11D3-BF4B-00C04F79EFBC}") = "NPL_API.Tests", "NPL_API.Tests\NPL_API.Tests.csproj", "{E41C1C85-466D-4D28-BF07-1F0A51466547}"
EndProject
Global
	GlobalSection(SolutionConfigurationPlatforms) = preSolution
		Debug|Any CPU = Debug|Any CPU
		Release|Any CPU = Release|Any CPU
	EndGlobalSection
	GlobalSection(ProjectConfigurationPlatforms) = postSolution
		{75605986-DCF6-425F-9AB2-BF405BE3F031}.Debug|Any CPU.ActiveCfg = Debug|Any CPU
		{75605986-DCF6-425F-9AB2-BF405BE3F031}.Debug|Any CPU.Build.0 = Debug|Any CPU
		{75605986-DCF6-425F-9AB2-BF405BE3F031}.Release|Any CPU.ActiveCfg = Release|Any CPU
		{75605986-DCF6-425F-9AB2-BF405BE3F031}.Release|Any CPU.Build.0 = Release|Any CPU
		{E41C1C85-466D-4D28-BF07-1F0A51466547}.Debug|Any CPU.ActiveCfg = Debug|Any CPU
		{E41C1C85-466D-4D28-BF07-1F0A51466547}.Debug|Any CPU.Build.0 = Debug|Any CPU
		{E41C1C85-466D-4D28-BF07-1F0A51466547}.Release|Any CPU.ActiveCfg = Release|Any CPU
		{E41C1C85-466D-4D28-BF07-1F0A51466547}.Release|Any CPU.Build.0 = Release|Any CPU
	EndGlobalSection
	GlobalSection(SolutionProperties) = preSolution
		HideSolutionNode = FALSE
	EndGlobalSection
EndGlobal
